# This file is autogenerated, do not edit; changes may be undone by the next 'dep ensure'.


[[projects]]
  branch = "master"
  digest = "1:4cf11742b199ab3aacf26b00187e72f7ff8ba2145f363b74f295d54f098f79e4"
  name = "github.com/agl/ed25519"
  packages = [
    ".",
    "edwards25519",
    "extra25519",
  ]
  pruneopts = "UT"
  revision = "5312a61534124124185d41f09206b9fef1d88403"

[[projects]]
  branch = "master"
  digest = "1:7d191fd0c54ff370eaf6116a14dafe2a328df487baea280699f597aae858d00d"
  name = "github.com/aristanetworks/goarista"
  packages = ["monotime"]
  pruneopts = "UT"
  revision = "c2e37c381520048ad67de8a2ef5c471603282ab7"

[[projects]]
  digest = "1:a8d622a8049a4aa420e1c509873bb85d4c45c5107f420d922f919bfcb8d08694"
  name = "github.com/beevik/ntp"
  packages = ["."]
  pruneopts = "UT"
  revision = "62c80a04de2086884d8296004b6d74ee1846c582"
  version = "v0.2.0"

[[projects]]
  branch = "master"
  digest = "1:d6afaeed1502aa28e80a4ed0981d570ad91b2579193404256ce672ed0a609e0d"
  name = "github.com/beorn7/perks"
  packages = ["quantile"]
  pruneopts = "UT"
  revision = "3a771d992973f24aa725d07868b467d1ddfceafb"

[[projects]]
  branch = "master"
  digest = "1:de159229e3cb736ff6a51c904bfdd6fd69c33484832375388de2b640c1594e4d"
  name = "github.com/btcsuite/btcd"
  packages = [
    "btcec",
    "chaincfg",
    "chaincfg/chainhash",
    "wire",
  ]
  pruneopts = "UT"
  revision = "cff30e1d23fc9e800b2b5b4b41ef1817dda07e9f"

[[projects]]
  digest = "1:f1b518435ac500a113db9496164d23257c6760d79bb0315405d184dde1961569"
  name = "github.com/btcsuite/btcutil"
  packages = [
    ".",
    "base58",
  ]
  pruneopts = "UT"
  revision = "dcd4997b0664bcfd6ef48e4ae9da8396e08b1cd9"

[[projects]]
  digest = "1:0ef770954bca104ee99b3b6b7f9b240605ac03517d9f98cbc1893daa03f3c038"
  name = "github.com/coreos/go-semver"
  packages = ["semver"]
  pruneopts = "UT"
  revision = "8ab6407b697782a06568d4b7f1db25550ec2e4c6"
  version = "v0.2.0"

[[projects]]
  digest = "1:ffe9824d294da03b391f44e1ae8281281b4afc1bdaa9588c9097785e3af10cec"
  name = "github.com/davecgh/go-spew"
  packages = ["spew"]
  pruneopts = "UT"
  revision = "8991bc29aa16c548c550c7ff78260e27b9ab7c73"
  version = "v1.1.1"

[[projects]]
  digest = "1:1aeb4854a1c278e842712cd6684f48d595cbdd7839655d37a77248efa08c9fc0"
  name = "github.com/deckarep/golang-set"
  packages = ["."]
  pruneopts = "UT"
  revision = "504e848d77ea4752b3057b8fb46da0e7f746ccf3"

[[projects]]
  branch = "master"
  digest = "1:67d0b50be0549e610017cb91e0b0b745ec0cad7c613bc8e18ff2d1c1fc8825a7"
  name = "github.com/edsrzf/mmap-go"
  packages = ["."]
  pruneopts = "UT"
  revision = "0bce6a6887123b67a60366d2c9fe2dfb74289d2e"

[[projects]]
  digest = "1:34fa5a5d444765a1360983211916c4d2e65a3be75186277142d6aef5c21192db"
  name = "github.com/ethereum/go-ethereum"
  packages = [
    ".",
    "accounts",
    "accounts/abi",
    "accounts/abi/bind",
    "accounts/keystore",
    "accounts/usbwallet",
    "accounts/usbwallet/internal/trezor",
    "common",
    "common/bitutil",
    "common/hexutil",
    "common/math",
    "common/mclock",
    "common/prque",
    "consensus",
    "consensus/clique",
    "consensus/ethash",
    "consensus/misc",
    "core",
    "core/bloombits",
    "core/rawdb",
    "core/state",
    "core/types",
    "core/vm",
    "crypto",
    "crypto/bn256",
    "crypto/bn256/cloudflare",
    "crypto/bn256/google",
    "crypto/ecies",
    "crypto/secp256k1",
    "crypto/sha3",
    "eth",
    "eth/downloader",
    "eth/fetcher",
    "eth/filters",
    "eth/gasprice",
    "eth/tracers",
    "eth/tracers/internal/tracers",
    "ethapi",
    "ethdb",
    "event",
    "internal/debug",
    "internal/ethapi",
    "les",
    "les/flowcontrol",
    "light",
    "log",
    "log/term",
    "metrics",
    "metrics/exp",
    "miner",
    "node",
    "p2p",
    "p2p/discover",
    "p2p/discv5",
    "p2p/enr",
    "p2p/nat",
    "p2p/netutil",
    "params",
    "rlp",
    "rpc",
    "trie",
    "whisper/shhclient",
    "whisper/whisperv6",
  ]
  pruneopts = "T"
  revision = "13115e12870cb2ebc1c8dfe55bc976d94efbeb90"
  source = "github.com/status-im/go-ethereum"
  version = "v1.8.14"

[[projects]]
  digest = "1:d1341a04a4443bba8c8af76ec6c3960206074490a1284b4853ff5a88a66c63b7"
  name = "github.com/fd/go-nat"
  packages = ["."]
  pruneopts = "UT"
  revision = "bad65a492f32121a87197f4a085905c35e2a367e"
  version = "v1.0.0"

[[projects]]
  branch = "master"
  digest = "1:0e46990e9f1b0c4f6f84003ba9c7b5e5b8adccbcfb3595b6f0d2312080356bfb"
  name = "github.com/fjl/memsize"
  packages = [
    ".",
    "memsizeui",
  ]
  pruneopts = "UT"
  revision = "f6d5545993d68e9e42df43eb57958f898dea3623"

[[projects]]
  digest = "1:e1ff887e232b2d8f4f7c7db15a5fac7be418025afc4dda53c59c765dbb5aa6b4"
  name = "github.com/go-playground/locales"
  packages = [
    ".",
    "currency",
  ]
  pruneopts = "UT"
  revision = "f63010822830b6fe52288ee52d5a1151088ce039"
  version = "v0.12.1"

[[projects]]
  digest = "1:e022cf244bcac1b6ef933f1a2e0adcf6a6dfd7b872d8d41e4d4179bb09a87cbc"
  name = "github.com/go-playground/universal-translator"
  packages = ["."]
  pruneopts = "UT"
  revision = "b32fa301c9fe55953584134cb6853a13c87ec0a1"
  version = "v0.16.0"

[[projects]]
  digest = "1:586ea76dbd0374d6fb649a91d70d652b7fe0ccffb8910a77468e7702e7901f3d"
  name = "github.com/go-stack/stack"
  packages = ["."]
  pruneopts = "UT"
  revision = "2fee6af1a9795aafbe0253a0cfbdf668e1fb8a9a"
  version = "v1.8.0"

[[projects]]
  digest = "1:2537bea8e6a4a90946bcd145cbdbd6f54d2dc263b3dee0ad96894e555a474f8b"
  name = "github.com/gogo/protobuf"
  packages = [
    "io",
    "proto",
  ]
  pruneopts = "UT"
  revision = "636bf0302bc95575d69441b25a2603156ffdddf1"
  version = "v1.1.1"

[[projects]]
  digest = "1:bc38c7c481812e178d85160472e231c5e1c9a7f5845d67e23ee4e706933c10d8"
  name = "github.com/golang/mock"
  packages = ["gomock"]
  pruneopts = "UT"
  revision = "c34cdb4725f4c3844d095133c6e40e448b86589b"
  version = "v1.1.1"

[[projects]]
  digest = "1:4ee2c939f1ee5983ec75069bc51604a64657b37bc03adeccee8b60abecfe76cc"
  name = "github.com/golang/protobuf"
  packages = [
    "proto",
    "protoc-gen-go/descriptor",
  ]
  pruneopts = "UT"
  revision = "aa810b61a9c79d51363740d207bb46cf8e620ed5"
  version = "v1.2.0"

[[projects]]
  branch = "master"
  digest = "1:4a0c6bb4805508a6287675fac876be2ac1182539ca8a32468d8128882e9d5009"
  name = "github.com/golang/snappy"
  packages = ["."]
  pruneopts = "UT"
  revision = "2e65f85255dbc3072edf28d6b5b8efc472979f5a"

[[projects]]
  digest = "1:3a26588bc48b96825977c1b3df964f8fd842cd6860cc26370588d3563433cf11"
  name = "github.com/google/uuid"
  packages = ["."]
  pruneopts = "UT"
  revision = "d460ce9f8df2e77fb1ba55ca87fafed96c607494"
  version = "v1.0.0"

[[projects]]
  digest = "1:7b5c6e2eeaa9ae5907c391a91c132abfd5c9e8a784a341b5625e750c67e6825d"
  name = "github.com/gorilla/websocket"
  packages = ["."]
  pruneopts = "UT"
  revision = "66b9c49e59c6c48f0ffce28c2d8b8a5678502c6d"
  version = "v1.4.0"

[[projects]]
  branch = "master"
  digest = "1:31e6ca5d3801cd74e569cb9597d5a0b06d862307ffb045e581b44fe4a316ea09"
  name = "github.com/gxed/GoEndian"
  packages = ["."]
  pruneopts = "UT"
  revision = "0f5c6873267e5abf306ffcdfcfa4bf77517ef4a7"

[[projects]]
  branch = "master"
  digest = "1:dc57a2580e33eae03691c9ede0b30cf1dc622ff471fc6a36388879ded5702d02"
  name = "github.com/gxed/eventfd"
  packages = ["."]
  pruneopts = "UT"
  revision = "80a92cca79a8041496ccc9dd773fcb52a57ec6f9"

[[projects]]
  branch = "master"
  digest = "1:e3ddd1f59d3c84917c99ecb1c3420aa6899f6df7495ba9414c13732b2e9568dd"
  name = "github.com/gxed/hashland"
  packages = ["keccakpg"]
  pruneopts = "UT"
  revision = "d9f6b97f8db22dd1e090fd0bbbe98f09cc7dd0a8"

[[projects]]
  digest = "1:8ec8d88c248041a6df5f6574b87bc00e7e0b493881dad2e7ef47b11dc69093b5"
  name = "github.com/hashicorp/golang-lru"
  packages = [
    ".",
    "simplelru",
  ]
  pruneopts = "UT"
  revision = "20f1fb78b0740ba8c3cb143a61e86ba5c8669768"
  version = "v0.5.0"

[[projects]]
  branch = "master"
  digest = "1:3f5e7a4329f76e2617bf094eb5eec2ec2eff590d145c0beb32bac699628dea7d"
  name = "github.com/huin/goupnp"
  packages = [
    ".",
    "dcps/internetgateway1",
    "dcps/internetgateway2",
    "httpu",
    "scpd",
    "soap",
    "ssdp",
  ]
  pruneopts = "UT"
  revision = "1395d1447324cbea88d249fbfcfd70ea878fdfca"

[[projects]]
  digest = "1:8ca54a2e4c95d8a2f4af43016277c5743a6c18fe1b6c8725e3a14ff81cb29655"
  name = "github.com/ipfs/go-datastore"
  packages = [
    ".",
    "query",
  ]
  pruneopts = "UT"
  revision = "e9b957d683804610bb830a00aed753633c4a5d36"
  version = "v2.4.1"

[[projects]]
  digest = "1:2a491fe250b1058b3aa1565e16858712021dc8462e2b94b4c58a6ea8ea53fc24"
  name = "github.com/ipfs/go-log"
  packages = [
    ".",
    "tracer",
    "tracer/wire",
    "writer",
  ]
  pruneopts = "UT"
  revision = "5dc2060baaf8db344f31dafd852340b93811d03f"
  version = "v1.5.3"

[[projects]]
  digest = "1:6b8866cc9496eada254debc24199981e21fd70fd0031ff7a581ac91be47187bb"
  name = "github.com/jackpal/gateway"
  packages = ["."]
  pruneopts = "UT"
  revision = "3e333950771011fed13be63e62b9f473c5e0d9bf"
  version = "v1.0.4"

[[projects]]
  digest = "1:32b82e71cf24f8b78323e0d7903c4b90278486283965aa2a19b1ea13763b8f34"
  name = "github.com/jackpal/go-nat-pmp"
  packages = ["."]
  pruneopts = "UT"
  revision = "c9cfead9f2a36ddf3daa40ba269aa7f4bbba6b62"
  version = "v1.0.1"

[[projects]]
  branch = "master"
  digest = "1:8f4aedc183dc8dfef9a7a1f1ba205dc87ecd2675eea350a736bda889e3bcf8ea"
  name = "github.com/jbenet/go-temp-err-catcher"
  packages = ["."]
  pruneopts = "UT"
  revision = "aac704a3f4f27190b4ccc05f303a4931fd1241ff"

[[projects]]
  branch = "master"
  digest = "1:a2a82ac6d7f2ab5966591f95612e3ecd9afed66051189e06876a29ed3744a3ea"
  name = "github.com/jbenet/goprocess"
  packages = [
    ".",
    "context",
    "periodic",
    "ratelimit",
  ]
  pruneopts = "UT"
  revision = "b497e2f366b8624394fb2e89c10ab607bebdde0b"

[[projects]]
  branch = "master"
  digest = "1:01f1325bf6f105bb633029a2d8b63f1a2357181e60af8dadabf14ad2e84398c5"
  name = "github.com/karalabe/hid"
  packages = ["."]
  pruneopts = "T"
  revision = "2b4488a37358b7283de4f9622553e85ebbe73125"

[[projects]]
  digest = "1:f3f143e9085a1fbff293e8f131f35c6f9d6b2023002fd719a08655b1a9c6e745"
  name = "github.com/libp2p/go-addr-util"
  packages = ["."]
  pruneopts = "UT"
  revision = "26ae616f0dac754fff557513e984f930fbd88a92"
  version = "v2.0.5"

[[projects]]
  digest = "1:d1ec17f0112c93d896c5e14d56923b63e530440a06f9827b8959a6674a5b1428"
  name = "github.com/libp2p/go-conn-security"
  packages = [
    ".",
    "insecure",
  ]
  pruneopts = "UT"
  revision = "99d74deb2467141f291494833ceca76049c54d0e"
  version = "v0.1.8"

[[projects]]
  digest = "1:51a89f83040a252442cb2fc8a3bd2d04e58f1d1e100a263d313d572feda1f777"
  name = "github.com/libp2p/go-conn-security-multistream"
  packages = ["."]
  pruneopts = "UT"
  revision = "397cc1367f25da0ebdde6ea3ad09c36ec72d8d2e"
  version = "v0.1.8"

[[projects]]
  digest = "1:19f2d2506cc0f9a233c9c0753e8c3fd5afa88afb43ff7b795cbba3629d0e96b5"
  name = "github.com/libp2p/go-flow-metrics"
  packages = ["."]
  pruneopts = "UT"
  revision = "cc546389dcf06b4bcbf6b8594069588e5c8a1451"
  version = "v0.2.0"

[[projects]]
  digest = "1:313a3f7e79228a8aaac762119dbb12658d06b7f1be92d61f7f8effcc599739ad"
  name = "github.com/libp2p/go-libp2p"
  packages = [
    ".",
    "config",
    "p2p/host/basic",
    "p2p/protocol/identify",
    "p2p/protocol/identify/pb",
  ]
  pruneopts = "UT"
  revision = "a08d9e63dbf006c905a532d5f645a2bf6fae3bd1"

[[projects]]
  digest = "1:8433c0b8a31d1d07ce15f9703497dca537b570cd00c5263fe5f7c87b5fe622b4"
  name = "github.com/libp2p/go-libp2p-circuit"
  packages = [
    ".",
    "pb",
  ]
  pruneopts = "UT"
  revision = "127525ea55d46147d998a4ff57b4ae3e603ec7f6"
  version = "v2.1.11"

[[projects]]
  digest = "1:398fcba7a9942805bb7aea628845625f8202f8bfac850f9600e52d39afb11061"
  name = "github.com/libp2p/go-libp2p-crypto"
  packages = [
    ".",
    "pb",
  ]
  pruneopts = "UT"
  revision = "50487e0f0b4842e9e657317e689fbb8209fab2dc"
  version = "v1.6.2"

[[projects]]
  digest = "1:b41a8eb1bf72e52968f3179450530b95456fa76cc6869fd1b7526733b3f64352"
  name = "github.com/libp2p/go-libp2p-host"
  packages = ["."]
  pruneopts = "UT"
  revision = "6cba7bff531ff674558a2a351c941f123795a8a0"
  version = "v3.0.8"

[[projects]]
  digest = "1:0f78d64090270d1d6cc30d0ab6bba4e757602bec5d4ef7f2ada57e8cd6e53477"
  name = "github.com/libp2p/go-libp2p-interface-connmgr"
  packages = ["."]
  pruneopts = "UT"
  revision = "5c98952f405f0663ee124d26e8fb213396afe7b2"
  version = "v0.0.14"

[[projects]]
  digest = "1:d7341fdf91c4ea53d68c29ad76965bbbb2f7ba09369bfa7f8339ffbeeb49e2f8"
  name = "github.com/libp2p/go-libp2p-interface-pnet"
  packages = ["."]
  pruneopts = "UT"
  revision = "3eda0a328422c06235501df5be481e4b51edc7cf"
  version = "v3.0.0"

[[projects]]
  digest = "1:6ca532827baa778302be770435a0834539e9694bed294978e12d3be7da9cd6ba"
  name = "github.com/libp2p/go-libp2p-loggables"
  packages = ["."]
  pruneopts = "UT"
  revision = "d6d01a5f5e0bcc27c612fd1e6aa8fc97e1cac488"
  version = "v1.1.21"

[[projects]]
  digest = "1:62e73b6e20525960442314129a019f2d4e061406e32940ca4975409276c96d2a"
  name = "github.com/libp2p/go-libp2p-metrics"
  packages = ["."]
  pruneopts = "UT"
  revision = "2e91117d783799237709d7f5165eb55c86b623a1"
  version = "v2.1.5"

[[projects]]
  digest = "1:b2a3f926fea33b868c11a841e4a2d6069e08075d8e1dee95fa231b64ff6cc405"
  name = "github.com/libp2p/go-libp2p-nat"
  packages = ["."]
  pruneopts = "UT"
  revision = "491e7233bd3877ec8dafbab465cf5ac70e32fced"
  version = "v0.8.6"

[[projects]]
  digest = "1:acb9b4e006c5fc57217a27aa761da323dae069a605955f7c1a72583d8b5281d9"
  name = "github.com/libp2p/go-libp2p-net"
  packages = ["."]
  pruneopts = "UT"
  revision = "1eeec6d7e4e6d46717a764778c7b6b07285900e0"
  version = "v3.0.8"

[[projects]]
  digest = "1:3b9b6f0d0dc400aba36a2dc0baf8964e8274f4d86bc8dac5481f0109169f8a82"
  name = "github.com/libp2p/go-libp2p-peer"
  packages = ["."]
  pruneopts = "UT"
  revision = "010c46e7b432a0b454d9ca397f08f364fa2139af"
  version = "v2.3.7"

[[projects]]
  digest = "1:3913285b025ba3a1d4eb4a54b22582cf28f58572a85a9e5206b2cba087aafe8a"
  name = "github.com/libp2p/go-libp2p-peerstore"
  packages = [
    ".",
    "addr",
  ]
  pruneopts = "UT"
  revision = "b1e626f38de4d5f3b8c292f230f8b9f03889ae65"
  version = "v1.5.0"

[[projects]]
  digest = "1:99c29233479cb14a63c7cb6b49927a60ae9d6b4b36d74deb12cc45ce503ddeb5"
  name = "github.com/libp2p/go-libp2p-protocol"
  packages = ["."]
  pruneopts = "UT"
  revision = "e34f0d7468b3519bf9bf4e43c1d028ce651eab51"
  version = "v1.0.0"

[[projects]]
  digest = "1:d6a79cd750d8273d5d9b9df77b47f72f1d3bd06a80333d3c3425e7e6c1005d29"
  name = "github.com/libp2p/go-libp2p-secio"
  packages = [
    ".",
    "pb",
  ]
  pruneopts = "UT"
  revision = "0613eff75c6b8203930579b9159f8d3dbb21e392"
  version = "v2.0.8"

[[projects]]
  digest = "1:e72c041a27ba676bfbc0723fe2bd84327c9ddfcb5ef249136f3a4735f1e6a654"
  name = "github.com/libp2p/go-libp2p-swarm"
  packages = ["."]
  pruneopts = "UT"
  revision = "67b383f9f19d160e39463f13c78267d541cdd45d"
  version = "v3.0.10"

[[projects]]
  digest = "1:3b10a27f9f9cd4735f799f64bcc8b7a49ce28cb6ca32c6ff674efe06797a061f"
  name = "github.com/libp2p/go-libp2p-transport"
  packages = ["."]
  pruneopts = "UT"
  revision = "c87b841d9637c0a42485bc4cff2a7656d429fbee"
  version = "v3.0.8"

[[projects]]
  digest = "1:4be1ad182a90655f76bc7adda9b83c2601067da481f5fecf30491b3f6da2237e"
  name = "github.com/libp2p/go-libp2p-transport-upgrader"
  packages = ["."]
  pruneopts = "UT"
  revision = "915345fa39935b4b4e308d6437fdda9b7df1a988"
  version = "v0.1.8"

[[projects]]
  digest = "1:5cd9cd7427d07a96e475603bcae6206ff85ecefde1f71c023694342a4bede3e5"
  name = "github.com/libp2p/go-maddr-filter"
  packages = ["."]
  pruneopts = "UT"
  revision = "57fd7e2ed649ba28b4f2c7bcab3a606e7cc4b12c"
  version = "v1.1.9"

[[projects]]
  digest = "1:84f1f9a5b879641c8860e10fa33af5ea753753395f5dd9aff4bd6a1cf64bbd42"
  name = "github.com/libp2p/go-msgio"
  packages = [
    ".",
    "mpool",
  ]
  pruneopts = "UT"
  revision = "fa984f54d57f20970aac9309a89a7ea40821f67c"
  version = "v0.0.3"

[[projects]]
  digest = "1:f3f2b82cd09f0c9f000091d1ddfeef82a4c3f147ebd415c3fb4ac234f6e9da09"
  name = "github.com/libp2p/go-reuseport"
  packages = [
    ".",
    "poll",
    "singlepoll",
  ]
  pruneopts = "UT"
  revision = "562c3ba3003e80c9829992a6c1a760d51eb0792b"
  version = "v0.1.17"

[[projects]]
  digest = "1:8858cb2fc1a8c044a240dfd2d4301343e39fe786fc3cb5e3e66b5c4d7ec7ffdb"
  name = "github.com/libp2p/go-reuseport-transport"
  packages = ["."]
  pruneopts = "UT"
  revision = "90b3b0a82752ab21f0c7fc2921335eabb64077c5"
  version = "v0.1.9"

[[projects]]
  digest = "1:96eca00555fddc36f6d1dc6d5d47435005bf8a950e700afcd76508bde723bc0e"
  name = "github.com/libp2p/go-sockaddr"
  packages = ["net"]
  pruneopts = "UT"
  revision = "5c3ac7e71ec1941a0c2ed4271535d9427feb829c"
  version = "v1.0.3"

[[projects]]
  digest = "1:6dab34eae15e82d15c17cedabb7d641b62731cc5c7a3ed233dba226f8e5cb688"
  name = "github.com/libp2p/go-stream-muxer"
  packages = ["."]
  pruneopts = "UT"
  revision = "2ba231669cdd8d310277307dec6ced95a190c495"
  version = "v3.0.1"

[[projects]]
  digest = "1:5424a26baf10daf3bc1ab6830e0eabb874eccab6bd1353e550758c64ad7593ea"
  name = "github.com/libp2p/go-tcp-transport"
  packages = ["."]
  pruneopts = "UT"
  revision = "6542203d415dadff641ae94f9a6b51fead8bded7"
  version = "v2.0.8"

[[projects]]
  digest = "1:e5d867e25138022337e98b76ec4611e20a887a4b11d2c6d5173c46670b6c00ff"
  name = "github.com/libp2p/go-ws-transport"
  packages = ["."]
  pruneopts = "UT"
  revision = "32d17885f64a5e902a758dfa793988c3cbbd28e9"
  version = "v2.0.8"

[[projects]]
  digest = "1:c658e84ad3916da105a761660dcaeb01e63416c8ec7bc62256a9b411a05fcd67"
  name = "github.com/mattn/go-colorable"
  packages = ["."]
  pruneopts = "UT"
  revision = "167de6bfdfba052fa6b2d3664c8f5272e23c9072"
  version = "v0.0.9"

[[projects]]
  digest = "1:0981502f9816113c9c8c4ac301583841855c8cf4da8c72f696b3ebedf6d0e4e5"
  name = "github.com/mattn/go-isatty"
  packages = ["."]
  pruneopts = "UT"
  revision = "6ca4dbf54d38eea1a992b3c722a76a5d1c4cb25c"
  version = "v0.0.4"

[[projects]]
  digest = "1:ff5ebae34cfbf047d505ee150de27e60570e8c394b3b8fdbb720ff6ac71985fc"
  name = "github.com/matttproud/golang_protobuf_extensions"
  packages = ["pbutil"]
  pruneopts = "UT"
  revision = "c12348ce28de40eed0136aa2b644d0ee0650e56c"
  version = "v1.0.1"

[[projects]]
  branch = "master"
  digest = "1:130cefe87d7eeefc824978dcb78e35672d4c49a11f25c153fbf0cfd952756fa3"
  name = "github.com/minio/blake2b-simd"
  packages = ["."]
  pruneopts = "UT"
  revision = "3f5f724cb5b182a5c278d6d3d55b40e7f8c2efb4"

[[projects]]
  branch = "master"
  digest = "1:17e048d1af8833670439d1ad0c92305fc1ad503e5d03f37ee667c0074df0fd03"
  name = "github.com/minio/sha256-simd"
  packages = ["."]
  pruneopts = "UT"
  revision = "ad98a36ba0da87206e3378c556abbfeaeaa98668"

[[projects]]
  branch = "master"
  digest = "1:b9b9f43a8a410d633e6547f89e830926741070941f2243d4d3a0bb154f565c9e"
  name = "github.com/mr-tron/base58"
  packages = ["base58"]
  pruneopts = "UT"
  revision = "f84df45a6b88974a98d1473e9f0de0eac859a3d9"

[[projects]]
  digest = "1:93e03541a8775ed6f7de497a20af8b7307833b6b112035e4e4c551fa6eeb6404"
  name = "github.com/multiformats/go-multiaddr"
  packages = ["."]
  pruneopts = "UT"
  revision = "f36800afeb9c141e1adb7da099e6f010dfd4c419"

[[projects]]
  digest = "1:0ac2fc7c574b6dc1e3179afdd73b1a5c33eace72661416e42026208f826c0e2e"
  name = "github.com/multiformats/go-multiaddr-dns"
  packages = ["."]
  pruneopts = "UT"
  revision = "4c36f46414bba59a19ffe5154841f76d4a55b780"
  version = "v0.2.3"

[[projects]]
  digest = "1:366fc9e8771a5bae7369aa1740cef4771380c01ce6444c58ce7a70bac5a45f31"
  name = "github.com/multiformats/go-multiaddr-net"
  packages = ["."]
  pruneopts = "UT"
  revision = "4d4b901d1729f55ee20cc0c8d8021aa58eb5ebe3"
  version = "v1.6.2"

[[projects]]
  digest = "1:c0ea71365e7d0e63a2e8f48e6fc2ba92f2f2b739bbeb3cdabdcd719037e175c2"
  name = "github.com/multiformats/go-multihash"
  packages = ["."]
  pruneopts = "UT"
  revision = "8be2a682ab9f254311de1375145a2f78a809b07d"
  version = "v1.0.8"

[[projects]]
  digest = "1:afaa9379e7b8039f8eee854ef71f5501e4bb68d4533e9aaa2f3756797b06d03b"
  name = "github.com/multiformats/go-multistream"
  packages = ["."]
  pruneopts = "UT"
  revision = "2b032632ecab1e1b98c8d2391a4f6ab9a6c9e140"
  version = "v0.3.7"

[[projects]]
  digest = "1:450b7623b185031f3a456801155c8320209f75d0d4c4e633c6b1e59d44d6e392"
  name = "github.com/opentracing/opentracing-go"
  packages = [
    ".",
    "ext",
    "log",
  ]
  pruneopts = "UT"
  revision = "1949ddbfd147afd4d964a9f00b24eb291e0e7c38"
  version = "v1.0.2"

[[projects]]
  digest = "1:361de06aa7ae272616cbe71c3994a654cc6316324e30998e650f7765b20c5b33"
  name = "github.com/pborman/uuid"
  packages = ["."]
  pruneopts = "UT"
  revision = "e790cca94e6cc75c7064b1332e63811d4aae1a53"
  version = "v1.1"

[[projects]]
  digest = "1:d14a5f4bfecf017cb780bdde1b6483e5deb87e12c332544d2c430eda58734bcb"
  name = "github.com/prometheus/client_golang"
  packages = [
    "prometheus",
    "prometheus/promhttp",
  ]
  pruneopts = "UT"
  revision = "c5b7fccd204277076155f10851dad72b76a49317"
  version = "v0.8.0"

[[projects]]
  branch = "master"
  digest = "1:2d5cd61daa5565187e1d96bae64dbbc6080dacf741448e9629c64fd93203b0d4"
  name = "github.com/prometheus/client_model"
  packages = ["go"]
  pruneopts = "UT"
  revision = "5c3871d89910bfb32f5fcab2aa4b9ec68e65a99f"

[[projects]]
  branch = "master"
  digest = "1:63b68062b8968092eb86bedc4e68894bd096ea6b24920faca8b9dcf451f54bb5"
  name = "github.com/prometheus/common"
  packages = [
    "expfmt",
    "internal/bitbucket.org/ww/goautoneg",
    "model",
  ]
  pruneopts = "UT"
  revision = "c7de2306084e37d54b8be01f3541a8464345e9a5"

[[projects]]
  branch = "master"
  digest = "1:8c49953a1414305f2ff5465147ee576dd705487c35b15918fcd4efdc0cb7a290"
  name = "github.com/prometheus/procfs"
  packages = [
    ".",
    "internal/util",
    "nfs",
    "xfs",
  ]
  pruneopts = "UT"
  revision = "05ee40e3a273f7245e8777337fc7b46e533a9a92"

[[projects]]
  digest = "1:9ffc0db15d8de463144fdc52af75a21b9d6ffc9af2a91e3ed294758ac19c734e"
  name = "github.com/prometheus/prometheus"
  packages = ["util/flock"]
  pruneopts = "UT"
  revision = "85f23d82a045d103ea7f3c89a91fba4a93e6367a"
  version = "v2.1.0"

[[projects]]
  digest = "1:8f4b365e527c00e2ba6b25a4c41ee7b84078c375fba83c971e54d2f0582df279"
  name = "github.com/rjeczalik/notify"
  packages = ["."]
  pruneopts = "UT"
  revision = "0f065fa99b48b842c3fd3e2c8b194c6f2b69f6b8"
  version = "v0.9.1"

[[projects]]
  digest = "1:0b8dd7447e420afff0260179dc892711e837edd1d446bc78dab924624a3c3c81"
  name = "github.com/rs/cors"
  packages = ["."]
  pruneopts = "UT"
  revision = "3fb1b69b103a84de38a19c3c6ec073dd6caa4d3f"
  version = "v1.5.0"

[[projects]]
  digest = "1:ff6b0586c0621a76832cf783eee58cbb9d9795d2ce8acbc199a4131db11c42a9"
  name = "github.com/satori/go.uuid"
  packages = ["."]
  pruneopts = "UT"
  revision = "36e9d2ebbde5e3f13ab2e25625fd453271d6522e"

[[projects]]
  digest = "1:919bb3aa6d9d0b67648c219fa4925312bc3c2872da19e818fa769e9c97a2b643"
  name = "github.com/spaolacci/murmur3"
  packages = ["."]
  pruneopts = "UT"
  revision = "9f5d223c60793748f04a9d5b4b4eacddfc1f755d"
  version = "v1.1"

[[projects]]
  digest = "1:dab83a1bbc7ad3d7a6ba1a1cc1760f25ac38cdf7d96a5cdd55cd915a4f5ceaf9"
  name = "github.com/spf13/pflag"
  packages = ["."]
  pruneopts = "UT"
  revision = "9a97c102cda95a86cec2345a6f09f55a939babf5"
  version = "v1.0.2"

[[projects]]
  branch = "master"
  digest = "1:8d27d462cd66c6c609d1d1693f9ff5ea1e6effd080eafe17a5e3f11643501b28"
  name = "github.com/status-im/go-multiaddr-ethv4"
  packages = ["."]
  pruneopts = "UT"
  revision = "17cb1ad76379d65e802eacc786d8f67eebd7cd6d"

[[projects]]
  branch = "master"
  digest = "1:fccef730cbb50795cf2606b1f89c301a1aa220691acbb504be616b3a1efc4339"
  name = "github.com/status-im/rendezvous"
  packages = [
    ".",
    "protocol",
  ]
  pruneopts = "UT"
  revision = "c865d89421c2817f33997ea765ba258d7f12ed84"

[[projects]]
  digest = "1:dd5835beba642b40a6cfa2c9d65cd58441e100e55fd4451408bde8740ee44a51"
  name = "github.com/status-im/status-go"
  packages = [
    "account",
    "contracts",
    "db",
    "discovery",
    "extkeys",
    "logutils",
    "mailserver",
    "mailserver/registry",
    "node",
    "params",
    "peers",
    "peers/verifier",
    "rpc",
    "services",
    "services/peer",
    "services/personal",
    "services/shhext",
    "services/shhext/dedup",
    "services/status",
    "signal",
    "timesource",
  ]
  pruneopts = "UT"
  revision = "0136ceb46ea6bdf4352ebb67cd0416a2cd87114c"
  version = "v0.14.1"

[[projects]]
  branch = "master"
  digest = "1:f2ffd421680b0a3f7887501b3c6974bcf19217ecd301d0e2c9b681940ec363d5"
  name = "github.com/syndtr/goleveldb"
  packages = [
    "leveldb",
    "leveldb/cache",
    "leveldb/comparer",
    "leveldb/errors",
    "leveldb/filter",
    "leveldb/iterator",
    "leveldb/journal",
    "leveldb/memdb",
    "leveldb/opt",
    "leveldb/storage",
    "leveldb/table",
    "leveldb/util",
  ]
  pruneopts = "UT"
  revision = "ae2bd5eed72d46b28834ec3f60db3a3ebedd8dbd"

[[projects]]
  branch = "master"
  digest = "1:0102dfa2f98777db8ff68c920bef1be3ff8504e90485b6cdd24d61b981b487b6"
  name = "github.com/whyrusleeping/go-logging"
  packages = ["."]
  pruneopts = "UT"
  revision = "0457bb6b88fc1973573aaf6b5145d8d3ae972390"

[[projects]]
  digest = "1:05722d7ef5b5761b4d9d76ac15bf02faa4d7c3abdac6f88f3eb6f19957011e1d"
  name = "github.com/whyrusleeping/go-multiplex"
  packages = ["."]
  pruneopts = "UT"
  revision = "0cf3aebfba46b9267722f196b12146a7553da895"
  version = "v0.2.25"

[[projects]]
  branch = "master"
  digest = "1:94796f9decedb46b17985693cbe996ce3642a991f0efcf7bf9a6c5197da3eefc"
  name = "github.com/whyrusleeping/go-notifier"
  packages = ["."]
  pruneopts = "UT"
  revision = "097c5d47330ff6a823f67e3515faa13566a62c6f"

[[projects]]
  digest = "1:9426f8cd0c6b30f49e41dfda5550efc313e2fae9134fc09d71489c00a05cc55a"
  name = "github.com/whyrusleeping/go-smux-multiplex"
  packages = ["."]
  pruneopts = "UT"
  revision = "cc30230b7c9a992ab1614cf9fb9bfc5f8244f907"
  version = "v3.0.12"

[[projects]]
  digest = "1:262e85ef9e2082fcb44335f6349699d61d5ac3672d24dcf3bf4cbc7377b51e96"
  name = "github.com/whyrusleeping/go-smux-multistream"
  packages = ["."]
  pruneopts = "UT"
  revision = "e799b10bc6eea2cc5ce18f7b7b4d8e1a0439476d"
  version = "v2.0.2"

[[projects]]
  branch = "master"
  digest = "1:6cf91ec171d1145ef67f376f6604b3087c220ca8daec8eb4a06c4d0cf85bb287"
  name = "github.com/whyrusleeping/go-smux-yamux"
  packages = ["."]
  pruneopts = "UT"
  revision = "eac25f3e2d47aae211e457e7664b52634c95eea8"

[[projects]]
  branch = "master"
  digest = "1:2d95e961c6b817149bf784b8a99788138bd929728e1c8235e82a4b09987b9e3f"
  name = "github.com/whyrusleeping/mafmt"
  packages = ["."]
  pruneopts = "UT"
  revision = "1dc32401ee9fdd3f6cdb3405ec984d5dae877b2a"

[[projects]]
  branch = "master"
  digest = "1:94b933c1b26f1da25d25a089937d15987170a0a54109aa521a111345c3e84581"
  name = "github.com/whyrusleeping/multiaddr-filter"
  packages = ["."]
  pruneopts = "UT"
  revision = "e903e4adabd70b78bc9293b6ee4f359afb3f9f59"

[[projects]]
  branch = "master"
  digest = "1:10169680429f9048339c043cafaba9a8210da38e2333fc3e7bae75acbcc77abd"
  name = "github.com/whyrusleeping/yamux"
  packages = ["."]
  pruneopts = "UT"
  revision = "cb29a700b01dc3c2fdd743c00cf54685056bb62a"

[[projects]]
  branch = "master"
  digest = "1:26934159eaac6e5db7a94838b54eec4e75d4d1caf7a91aff90ff9d4ef2273b99"
  name = "golang.org/x/crypto"
  packages = [
    "blake2s",
    "blowfish",
    "pbkdf2",
    "ripemd160",
    "scrypt",
    "sha3",
  ]
  pruneopts = "UT"
  revision = "0709b304e793a5edb4a2c0145f281ecdc20838a4"

[[projects]]
  branch = "master"
  digest = "1:cdca8fa99cf542d59237ff8a43c778567ad8a82a7b24ddd19c31637b259124fc"
  name = "golang.org/x/net"
  packages = [
    "bpf",
    "context",
    "html",
    "html/atom",
    "html/charset",
    "internal/iana",
    "internal/socket",
    "ipv4",
    "websocket",
  ]
  pruneopts = "UT"
  revision = "8a410e7b638dca158bf9e766925842f6651ff828"

[[projects]]
  branch = "master"
  digest = "1:9f303486d623f840492bfeb48eb906a94e9d3fe638a761639b72ce64bf7bfcc3"
  name = "golang.org/x/sync"
  packages = ["syncmap"]
  pruneopts = "UT"
  revision = "1d60e4601c6fd243af51cc01ddf169918a5407ca"

[[projects]]
  branch = "master"
  digest = "1:576f8d82185dc836ec6d10c0e5568dc4ff94e4d9f101d33ed5d6bae0cbba65b2"
  name = "golang.org/x/sys"
  packages = [
    "cpu",
    "unix",
    "windows",
  ]
  pruneopts = "UT"
  revision = "ebe1bf3edb3325c393447059974de898d5133eb8"

[[projects]]
  digest = "1:4392fcf42d5cf0e3ff78c96b2acf8223d49e4fdc53eb77c99d2f8dfe4680e006"
  name = "golang.org/x/text"
  packages = [
    "encoding",
    "encoding/charmap",
    "encoding/htmlindex",
    "encoding/internal",
    "encoding/internal/identifier",
    "encoding/japanese",
    "encoding/korean",
    "encoding/simplifiedchinese",
    "encoding/traditionalchinese",
    "encoding/unicode",
    "internal/gen",
    "internal/tag",
    "internal/triegen",
    "internal/ucd",
    "internal/utf8internal",
    "language",
    "runes",
    "transform",
    "unicode/cldr",
    "unicode/norm",
  ]
  pruneopts = "UT"
  revision = "f21a4dfb5e38f5895301dc265a8def02365cc3d0"
  version = "v0.3.0"

[[projects]]
  branch = "master"
  digest = "1:a05bd2d296bc727082abcb63ff52615b4dcc6219d8b61e99fd83d605dc779a18"
  name = "golang.org/x/tools"
  packages = [
    "go/ast/astutil",
    "imports",
    "internal/fastwalk",
  ]
  pruneopts = "UT"
  revision = "0aa4b8830f481fed77b73cf7cea2bc3129e05148"

[[projects]]
  digest = "1:e2f64cca6e235f32cd4c2f9be9ae0cda1f8608fc6fdb68936e8d10e4e0bb074d"
  name = "gopkg.in/go-playground/validator.v9"
  packages = ["."]
  pruneopts = "UT"
  revision = "e69e9a28bb62b977fdc58d051f1bb477b7cbe486"
  version = "v9.21.0"

[[projects]]
  branch = "v2"
  digest = "1:0a2f4b974a413866afa1b41130d756643841fb9ad661b81c9a6dd9f1364ed19f"
  name = "gopkg.in/karalabe/cookiejar.v2"
  packages = ["collections/prque"]
  pruneopts = "UT"
  revision = "8dcd6a7f4951f6ff3ee9cbb919a06d8925822e57"

[[projects]]
  branch = "v2"
  digest = "1:3d3f9391ab615be8655ae0d686a1564f3fec413979bb1aaf018bac1ec1bb1cc7"
  name = "gopkg.in/natefinch/npipe.v2"
  packages = ["."]
  pruneopts = "UT"
  revision = "c1b8fa8bdccecb0b8db834ee0b92fdbcfa606dd6"

[[projects]]
  branch = "v3"
  digest = "1:94a7e206cc476d55ea7e5924324259d89a61b74589007193e0f35da1389202f3"
  name = "gopkg.in/olebedev/go-duktape.v3"
  packages = ["."]
  pruneopts = "UT"
  revision = "d53328019b21fe1987c97f368f98c072c8f44455"

[[projects]]
  digest = "1:b24d38b282bacf9791408a080f606370efa3d364e4b5fd9ba0f7b87786d3b679"
  name = "gopkg.in/urfave/cli.v1"
  packages = ["."]
  pruneopts = "UT"
  revision = "cfb38830724cc34fedffe9a2a29fb54fa9169cd1"
  version = "v1.20.0"

[solve-meta]
  analyzer-name = "dep"
  analyzer-version = 1
  input-imports = [
    "github.com/ethereum/go-ethereum",
    "github.com/ethereum/go-ethereum/crypto/sha3",
    "github.com/ethereum/go-ethereum/p2p/discv5",
    "github.com/ethereum/go-ethereum/whisper/shhclient",
    "github.com/ethereum/go-ethereum/whisper/whisperv6",
    "github.com/prometheus/client_golang/prometheus",
    "github.com/prometheus/client_golang/prometheus/promhttp",
    "github.com/spf13/pflag",
    "github.com/status-im/status-go/logutils",
    "github.com/status-im/status-go/node",
    "github.com/status-im/status-go/params",
    "github.com/status-im/status-go/signal",
  ]
  solver-name = "gps-cdcl"
  solver-version = 1
